
Microsoft Visual Studio Solution File, Format Version 12.00
# Visual Studio Version 17
VisualStudioVersion = 17.5.002.0
MinimumVisualStudioVersion = 10.0.40219.1
Project("{9A19103F-16F7-4668-BE54-9A1E7A4F7556}") = "Nozama.OrderOrchestratorService", "Nozama.OrderOrchestratorService.csproj", "{9A93A592-9DD3-48ED-955C-AA5BF00BD545}"
EndProject
Global
	GlobalSection(SolutionConfigurationPlatforms) = preSolution
		Debug|Any CPU = Debug|Any CPU
		Release|Any CPU = Release|Any CPU
	EndGlobalSection
	GlobalSection(ProjectConfigurationPlatforms) = postSolution
		{9A93A592-9DD3-48ED-955C-AA5BF00BD545}.Debug|Any CPU.ActiveCfg = Debug|Any CPU
		{9A93A592-9DD3-48ED-955C-AA5BF00BD545}.Debug|Any CPU.Build.0 = Debug|Any CPU
		{9A93A592-9DD3-48ED-955C-AA5BF00BD545}.Release|Any CPU.ActiveCfg = Release|Any CPU
		{9A93A592-9DD3-48ED-955C-AA5BF00BD545}.Release|Any CPU.Build.0 = Release|Any CPU
	EndGlobalSection
	GlobalSection(SolutionProperties) = preSolution
		HideSolutionNode = FALSE
	EndGlobalSection
	GlobalSection(ExtensibilityGlobals) = postSolution
		SolutionGuid = {BDCDDCF9-9483-45F0-A161-48E77CB77E96}
	EndGlobalSection
EndGlobal
